// !$*UTF8*$!
{
	archiveVersion = 1;
	classes = {
	};
	objectVersion = 56;
	objects = {

/* Begin PBXBuildFile section */
		51AD2E5E2925F38700460937 /* Ingredient.swift in Sources */ = {isa = PBXBuildFile; fileRef = 51AD2E5D2925F38700460937 /* Ingredient.swift */; };
		51AD2E612925FAD500460937 /* ColorExtention.swift in Sources */ = {isa = PBXBuildFile; fileRef = 51AD2E602925FAD500460937 /* ColorExtention.swift */; };
		51AD2E642925FDC300460937 /* LoginHeaderView.swift in Sources */ = {isa = PBXBuildFile; fileRef = 51AD2E632925FDC300460937 /* LoginHeaderView.swift */; };
		51AD2E662925FF4500460937 /* LoginView.swift in Sources */ = {isa = PBXBuildFile; fileRef = 51AD2E652925FF4500460937 /* LoginView.swift */; };
		51AD2E68292602FD00460937 /* RegisterView.swift in Sources */ = {isa = PBXBuildFile; fileRef = 51AD2E67292602FD00460937 /* RegisterView.swift */; };
		51AD2E6B292608A600460937 /* RecipeView.swift in Sources */ = {isa = PBXBuildFile; fileRef = 51AD2E6A292608A600460937 /* RecipeView.swift */; };
		51AD2E6D29264D1400460937 /* GoogleService-Info.plist in Resources */ = {isa = PBXBuildFile; fileRef = 51AD2E6C29264D1400460937 /* GoogleService-Info.plist */; };
		51AD2E792926504900460937 /* AuthViewModel.swift in Sources */ = {isa = PBXBuildFile; fileRef = 51AD2E782926504900460937 /* AuthViewModel.swift */; };
		51AD2E7D2926522D00460937 /* User.swift in Sources */ = {isa = PBXBuildFile; fileRef = 51AD2E7C2926522D00460937 /* User.swift */; };
		51AD2E802926548800460937 /* FirebaseAuth in Frameworks */ = {isa = PBXBuildFile; productRef = 51AD2E7F2926548800460937 /* FirebaseAuth */; };
		51AD2E822926548800460937 /* FirebaseFirestore in Frameworks */ = {isa = PBXBuildFile; productRef = 51AD2E812926548800460937 /* FirebaseFirestore */; };
		51AD2E842926548800460937 /* FirebaseFirestoreSwift in Frameworks */ = {isa = PBXBuildFile; productRef = 51AD2E832926548800460937 /* FirebaseFirestoreSwift */; };
		51AD2E862926548800460937 /* FirebaseStorage in Frameworks */ = {isa = PBXBuildFile; productRef = 51AD2E852926548800460937 /* FirebaseStorage */; };
		51AD2E8929273FF400460937 /* UserService.swift in Sources */ = {isa = PBXBuildFile; fileRef = 51AD2E8829273FF400460937 /* UserService.swift */; };
		51AD2E8B2927536900460937 /* ProfileEditView.swift in Sources */ = {isa = PBXBuildFile; fileRef = 51AD2E8A2927536900460937 /* ProfileEditView.swift */; };
		51CC8DB02924C3E800718A19 /* MyBakeringApp.swift in Sources */ = {isa = PBXBuildFile; fileRef = 51CC8DAF2924C3E800718A19 /* MyBakeringApp.swift */; };
		51CC8DB22924C3E800718A19 /* ContentView.swift in Sources */ = {isa = PBXBuildFile; fileRef = 51CC8DB12924C3E800718A19 /* ContentView.swift */; };
		51CC8DB42924C3E800718A19 /* Assets.xcassets in Resources */ = {isa = PBXBuildFile; fileRef = 51CC8DB32924C3E800718A19 /* Assets.xcassets */; };
		51CC8DB72924C3E800718A19 /* Preview Assets.xcassets in Resources */ = {isa = PBXBuildFile; fileRef = 51CC8DB62924C3E800718A19 /* Preview Assets.xcassets */; };
		51CC8DC02924C4A200718A19 /* RecipeRowView.swift in Sources */ = {isa = PBXBuildFile; fileRef = 51CC8DBF2924C4A200718A19 /* RecipeRowView.swift */; };
		51CC8DC42924C95100718A19 /* FeedView.swift in Sources */ = {isa = PBXBuildFile; fileRef = 51CC8DC32924C95100718A19 /* FeedView.swift */; };
		51CC8DC82924CC3700718A19 /* MainTabView.swift in Sources */ = {isa = PBXBuildFile; fileRef = 51CC8DC72924CC3700718A19 /* MainTabView.swift */; };
		51CC8DCD2924CE2000718A19 /* MyPageView.swift in Sources */ = {isa = PBXBuildFile; fileRef = 51CC8DCC2924CE2000718A19 /* MyPageView.swift */; };
		51CC8DCF2924CE2D00718A19 /* NewRecipeView.swift in Sources */ = {isa = PBXBuildFile; fileRef = 51CC8DCE2924CE2D00718A19 /* NewRecipeView.swift */; };
		51CC8DD12924CE3700718A19 /* CategoriesView.swift in Sources */ = {isa = PBXBuildFile; fileRef = 51CC8DD02924CE3700718A19 /* CategoriesView.swift */; };
		51CC8DD32924D4D100718A19 /* MyPageFilterViewModel.swift in Sources */ = {isa = PBXBuildFile; fileRef = 51CC8DD22924D4D100718A19 /* MyPageFilterViewModel.swift */; };
		51CC8DD52924D94500718A19 /* CategoryRowView.swift in Sources */ = {isa = PBXBuildFile; fileRef = 51CC8DD42924D94500718A19 /* CategoryRowView.swift */; };
		51CC8DD72924DC8500718A19 /* CategoriesViewModel.swift in Sources */ = {isa = PBXBuildFile; fileRef = 51CC8DD62924DC8500718A19 /* CategoriesViewModel.swift */; };
/* End PBXBuildFile section */

/* Begin PBXFileReference section */
		51AD2E5D2925F38700460937 /* Ingredient.swift */ = {isa = PBXFileReference; lastKnownFileType = sourcecode.swift; path = Ingredient.swift; sourceTree = "<group>"; };
		51AD2E602925FAD500460937 /* ColorExtention.swift */ = {isa = PBXFileReference; lastKnownFileType = sourcecode.swift; path = ColorExtention.swift; sourceTree = "<group>"; };
		51AD2E632925FDC300460937 /* LoginHeaderView.swift */ = {isa = PBXFileReference; lastKnownFileType = sourcecode.swift; path = LoginHeaderView.swift; sourceTree = "<group>"; };
		51AD2E652925FF4500460937 /* LoginView.swift */ = {isa = PBXFileReference; lastKnownFileType = sourcecode.swift; path = LoginView.swift; sourceTree = "<group>"; };
		51AD2E67292602FD00460937 /* RegisterView.swift */ = {isa = PBXFileReference; lastKnownFileType = sourcecode.swift; path = RegisterView.swift; sourceTree = "<group>"; };
		51AD2E6A292608A600460937 /* RecipeView.swift */ = {isa = PBXFileReference; lastKnownFileType = sourcecode.swift; path = RecipeView.swift; sourceTree = "<group>"; };
		51AD2E6C29264D1400460937 /* GoogleService-Info.plist */ = {isa = PBXFileReference; fileEncoding = 4; lastKnownFileType = text.plist.xml; path = "GoogleService-Info.plist"; sourceTree = "<group>"; };
		51AD2E782926504900460937 /* AuthViewModel.swift */ = {isa = PBXFileReference; lastKnownFileType = sourcecode.swift; path = AuthViewModel.swift; sourceTree = "<group>"; };
		51AD2E7C2926522D00460937 /* User.swift */ = {isa = PBXFileReference; lastKnownFileType = sourcecode.swift; path = User.swift; sourceTree = "<group>"; };
		51AD2E8829273FF400460937 /* UserService.swift */ = {isa = PBXFileReference; lastKnownFileType = sourcecode.swift; path = UserService.swift; sourceTree = "<group>"; };
		51AD2E8A2927536900460937 /* ProfileEditView.swift */ = {isa = PBXFileReference; lastKnownFileType = sourcecode.swift; path = ProfileEditView.swift; sourceTree = "<group>"; };
		51CC8DAC2924C3E800718A19 /* MyBakering.app */ = {isa = PBXFileReference; explicitFileType = wrapper.application; includeInIndex = 0; path = MyBakering.app; sourceTree = BUILT_PRODUCTS_DIR; };
		51CC8DAF2924C3E800718A19 /* MyBakeringApp.swift */ = {isa = PBXFileReference; lastKnownFileType = sourcecode.swift; path = MyBakeringApp.swift; sourceTree = "<group>"; };
		51CC8DB12924C3E800718A19 /* ContentView.swift */ = {isa = PBXFileReference; lastKnownFileType = sourcecode.swift; path = ContentView.swift; sourceTree = "<group>"; };
		51CC8DB32924C3E800718A19 /* Assets.xcassets */ = {isa = PBXFileReference; lastKnownFileType = folder.assetcatalog; path = Assets.xcassets; sourceTree = "<group>"; };
		51CC8DB62924C3E800718A19 /* Preview Assets.xcassets */ = {isa = PBXFileReference; lastKnownFileType = folder.assetcatalog; path = "Preview Assets.xcassets"; sourceTree = "<group>"; };
		51CC8DBF2924C4A200718A19 /* RecipeRowView.swift */ = {isa = PBXFileReference; lastKnownFileType = sourcecode.swift; path = RecipeRowView.swift; sourceTree = "<group>"; };
		51CC8DC32924C95100718A19 /* FeedView.swift */ = {isa = PBXFileReference; lastKnownFileType = sourcecode.swift; path = FeedView.swift; sourceTree = "<group>"; };
		51CC8DC72924CC3700718A19 /* MainTabView.swift */ = {isa = PBXFileReference; lastKnownFileType = sourcecode.swift; path = MainTabView.swift; sourceTree = "<group>"; };
		51CC8DCC2924CE2000718A19 /* MyPageView.swift */ = {isa = PBXFileReference; lastKnownFileType = sourcecode.swift; path = MyPageView.swift; sourceTree = "<group>"; };
		51CC8DCE2924CE2D00718A19 /* NewRecipeView.swift */ = {isa = PBXFileReference; lastKnownFileType = sourcecode.swift; path = NewRecipeView.swift; sourceTree = "<group>"; };
		51CC8DD02924CE3700718A19 /* CategoriesView.swift */ = {isa = PBXFileReference; lastKnownFileType = sourcecode.swift; path = CategoriesView.swift; sourceTree = "<group>"; };
		51CC8DD22924D4D100718A19 /* MyPageFilterViewModel.swift */ = {isa = PBXFileReference; lastKnownFileType = sourcecode.swift; path = MyPageFilterViewModel.swift; sourceTree = "<group>"; };
		51CC8DD42924D94500718A19 /* CategoryRowView.swift */ = {isa = PBXFileReference; lastKnownFileType = sourcecode.swift; path = CategoryRowView.swift; sourceTree = "<group>"; };
		51CC8DD62924DC8500718A19 /* CategoriesViewModel.swift */ = {isa = PBXFileReference; lastKnownFileType = sourcecode.swift; path = CategoriesViewModel.swift; sourceTree = "<group>"; };
/* End PBXFileReference section */

/* Begin PBXFrameworksBuildPhase section */
		51CC8DA92924C3E800718A19 /* Frameworks */ = {
			isa = PBXFrameworksBuildPhase;
			buildActionMask = 2147483647;
			files = (
				51AD2E802926548800460937 /* FirebaseAuth in Frameworks */,
				51AD2E862926548800460937 /* FirebaseStorage in Frameworks */,
				51AD2E822926548800460937 /* FirebaseFirestore in Frameworks */,
				51AD2E842926548800460937 /* FirebaseFirestoreSwift in Frameworks */,
			);
			runOnlyForDeploymentPostprocessing = 0;
		};
/* End PBXFrameworksBuildPhase section */

/* Begin PBXGroup section */
		51AD2E5F2925FABD00460937 /* Extentions */ = {
			isa = PBXGroup;
			children = (
				51AD2E602925FAD500460937 /* ColorExtention.swift */,
			);
			path = Extentions;
			sourceTree = "<group>";
		};
		51AD2E622925FDA900460937 /* Login */ = {
			isa = PBXGroup;
			children = (
				51AD2E782926504900460937 /* AuthViewModel.swift */,
				51AD2E772926502900460937 /* View */,
			);
			path = Login;
			sourceTree = "<group>";
		};
		51AD2E692926089000460937 /* Recipe */ = {
			isa = PBXGroup;
			children = (
				51AD2E6A292608A600460937 /* RecipeView.swift */,
			);
			path = Recipe;
			sourceTree = "<group>";
		};
		51AD2E772926502900460937 /* View */ = {
			isa = PBXGroup;
			children = (
				51AD2E632925FDC300460937 /* LoginHeaderView.swift */,
				51AD2E652925FF4500460937 /* LoginView.swift */,
				51AD2E67292602FD00460937 /* RegisterView.swift */,
			);
			path = View;
			sourceTree = "<group>";
		};
		51AD2E7B2926521F00460937 /* Model */ = {
			isa = PBXGroup;
			children = (
				51AD2E7C2926522D00460937 /* User.swift */,
			);
			path = Model;
			sourceTree = "<group>";
		};
		51AD2E8729273FD800460937 /* Service */ = {
			isa = PBXGroup;
			children = (
				51AD2E8829273FF400460937 /* UserService.swift */,
			);
			path = Service;
			sourceTree = "<group>";
		};
		51CC8DA32924C3E800718A19 = {
			isa = PBXGroup;
			children = (
				51CC8DAE2924C3E800718A19 /* MyBakering */,
				51CC8DAD2924C3E800718A19 /* Products */,
			);
			sourceTree = "<group>";
		};
		51CC8DAD2924C3E800718A19 /* Products */ = {
			isa = PBXGroup;
			children = (
				51CC8DAC2924C3E800718A19 /* MyBakering.app */,
			);
			name = Products;
			sourceTree = "<group>";
		};
		51CC8DAE2924C3E800718A19 /* MyBakering */ = {
			isa = PBXGroup;
			children = (
				51AD2E8729273FD800460937 /* Service */,
				51AD2E7B2926521F00460937 /* Model */,
				51CC8DBD2924C47D00718A19 /* Main */,
				51CC8DAF2924C3E800718A19 /* MyBakeringApp.swift */,
				51CC8DB12924C3E800718A19 /* ContentView.swift */,
				51AD2E5F2925FABD00460937 /* Extentions */,
				51CC8DB32924C3E800718A19 /* Assets.xcassets */,
				51AD2E6C29264D1400460937 /* GoogleService-Info.plist */,
				51CC8DB52924C3E800718A19 /* Preview Content */,
			);
			path = MyBakering;
			sourceTree = "<group>";
		};
		51CC8DB52924C3E800718A19 /* Preview Content */ = {
			isa = PBXGroup;
			children = (
				51CC8DB62924C3E800718A19 /* Preview Assets.xcassets */,
			);
			path = "Preview Content";
			sourceTree = "<group>";
		};
		51CC8DBD2924C47D00718A19 /* Main */ = {
			isa = PBXGroup;
			children = (
				51CC8DBE2924C48800718A19 /* Components */,
				51AD2E692926089000460937 /* Recipe */,
				51AD2E622925FDA900460937 /* Login */,
				51CC8DC12924C91500718A19 /* Feed */,
				51CC8DC92924CD0900718A19 /* Categories */,
				51CC8DCA2924CD1E00718A19 /* NewRecipe */,
				51CC8DCB2924CD6600718A19 /* MyPage */,
				51CC8DC62924CC2100718A19 /* MainTab */,
			);
			path = Main;
			sourceTree = "<group>";
		};
		51CC8DBE2924C48800718A19 /* Components */ = {
			isa = PBXGroup;
			children = (
				51CC8DBF2924C4A200718A19 /* RecipeRowView.swift */,
				51CC8DD42924D94500718A19 /* CategoryRowView.swift */,
			);
			path = Components;
			sourceTree = "<group>";
		};
		51CC8DC12924C91500718A19 /* Feed */ = {
			isa = PBXGroup;
			children = (
				51CC8DC32924C95100718A19 /* FeedView.swift */,
			);
			path = Feed;
			sourceTree = "<group>";
		};
		51CC8DC62924CC2100718A19 /* MainTab */ = {
			isa = PBXGroup;
			children = (
				51CC8DC72924CC3700718A19 /* MainTabView.swift */,
			);
			path = MainTab;
			sourceTree = "<group>";
		};
		51CC8DC92924CD0900718A19 /* Categories */ = {
			isa = PBXGroup;
			children = (
				51CC8DD02924CE3700718A19 /* CategoriesView.swift */,
				51CC8DD62924DC8500718A19 /* CategoriesViewModel.swift */,
			);
			path = Categories;
			sourceTree = "<group>";
		};
		51CC8DCA2924CD1E00718A19 /* NewRecipe */ = {
			isa = PBXGroup;
			children = (
				51CC8DCE2924CE2D00718A19 /* NewRecipeView.swift */,
				51AD2E5D2925F38700460937 /* Ingredient.swift */,
			);
			path = NewRecipe;
			sourceTree = "<group>";
		};
		51CC8DCB2924CD6600718A19 /* MyPage */ = {
			isa = PBXGroup;
			children = (
				51CC8DCC2924CE2000718A19 /* MyPageView.swift */,
				51CC8DD22924D4D100718A19 /* MyPageFilterViewModel.swift */,
				51AD2E8A2927536900460937 /* ProfileEditView.swift */,
			);
			path = MyPage;
			sourceTree = "<group>";
		};
/* End PBXGroup section */

/* Begin PBXNativeTarget section */
		51CC8DAB2924C3E800718A19 /* MyBakering */ = {
			isa = PBXNativeTarget;
			buildConfigurationList = 51CC8DBA2924C3E800718A19 /* Build configuration list for PBXNativeTarget "MyBakering" */;
			buildPhases = (
				51CC8DA82924C3E800718A19 /* Sources */,
				51CC8DA92924C3E800718A19 /* Frameworks */,
				51CC8DAA2924C3E800718A19 /* Resources */,
			);
			buildRules = (
			);
			dependencies = (
			);
			name = MyBakering;
			packageProductDependencies = (
				51AD2E7F2926548800460937 /* FirebaseAuth */,
				51AD2E812926548800460937 /* FirebaseFirestore */,
				51AD2E832926548800460937 /* FirebaseFirestoreSwift */,
				51AD2E852926548800460937 /* FirebaseStorage */,
			);
			productName = MyBakering;
			productReference = 51CC8DAC2924C3E800718A19 /* MyBakering.app */;
			productType = "com.apple.product-type.application";
		};
/* End PBXNativeTarget section */

/* Begin PBXProject section */
		51CC8DA42924C3E800718A19 /* Project object */ = {
			isa = PBXProject;
			attributes = {
				BuildIndependentTargetsInParallel = 1;
				LastSwiftUpdateCheck = 1410;
				LastUpgradeCheck = 1410;
				TargetAttributes = {
					51CC8DAB2924C3E800718A19 = {
						CreatedOnToolsVersion = 14.1;
					};
				};
			};
			buildConfigurationList = 51CC8DA72924C3E800718A19 /* Build configuration list for PBXProject "MyBakering" */;
			compatibilityVersion = "Xcode 14.0";
			developmentRegion = en;
			hasScannedForEncodings = 0;
			knownRegions = (
				en,
				Base,
			);
			mainGroup = 51CC8DA32924C3E800718A19;
			packageReferences = (
				51AD2E7E2926548800460937 /* XCRemoteSwiftPackageReference "firebase-ios-sdk" */,
			);
			productRefGroup = 51CC8DAD2924C3E800718A19 /* Products */;
			projectDirPath = "";
			projectRoot = "";
			targets = (
				51CC8DAB2924C3E800718A19 /* MyBakering */,
			);
		};
/* End PBXProject section */

/* Begin PBXResourcesBuildPhase section */
		51CC8DAA2924C3E800718A19 /* Resources */ = {
			isa = PBXResourcesBuildPhase;
			buildActionMask = 2147483647;
			files = (
				51CC8DB72924C3E800718A19 /* Preview Assets.xcassets in Resources */,
				51CC8DB42924C3E800718A19 /* Assets.xcassets in Resources */,
				51AD2E6D29264D1400460937 /* GoogleService-Info.plist in Resources */,
			);
			runOnlyForDeploymentPostprocessing = 0;
		};
/* End PBXResourcesBuildPhase section */

/* Begin PBXSourcesBuildPhase section */
		51CC8DA82924C3E800718A19 /* Sources */ = {
			isa = PBXSourcesBuildPhase;
			buildActionMask = 2147483647;
			files = (
				51CC8DD72924DC8500718A19 /* CategoriesViewModel.swift in Sources */,
				51CC8DD12924CE3700718A19 /* CategoriesView.swift in Sources */,
				51CC8DD52924D94500718A19 /* CategoryRowView.swift in Sources */,
				51AD2E662925FF4500460937 /* LoginView.swift in Sources */,
				51AD2E612925FAD500460937 /* ColorExtention.swift in Sources */,
				51CC8DD32924D4D100718A19 /* MyPageFilterViewModel.swift in Sources */,
				51CC8DC42924C95100718A19 /* FeedView.swift in Sources */,
				51CC8DC82924CC3700718A19 /* MainTabView.swift in Sources */,
				51AD2E792926504900460937 /* AuthViewModel.swift in Sources */,
				51CC8DC02924C4A200718A19 /* RecipeRowView.swift in Sources */,
				51CC8DB22924C3E800718A19 /* ContentView.swift in Sources */,
				51AD2E5E2925F38700460937 /* Ingredient.swift in Sources */,
				51CC8DCF2924CE2D00718A19 /* NewRecipeView.swift in Sources */,
				51AD2E6B292608A600460937 /* RecipeView.swift in Sources */,
				51AD2E642925FDC300460937 /* LoginHeaderView.swift in Sources */,
				51AD2E68292602FD00460937 /* RegisterView.swift in Sources */,
				51AD2E8B2927536900460937 /* ProfileEditView.swift in Sources */,
				51AD2E8929273FF400460937 /* UserService.swift in Sources */,
				51CC8DB02924C3E800718A19 /* MyBakeringApp.swift in Sources */,
				51CC8DCD2924CE2000718A19 /* MyPageView.swift in Sources */,
				51AD2E7D2926522D00460937 /* User.swift in Sources */,
			);
			runOnlyForDeploymentPostprocessing = 0;
		};
/* End PBXSourcesBuildPhase section */

/* Begin XCBuildConfiguration section */
		51CC8DB82924C3E800718A19 /* Debug */ = {
			isa = XCBuildConfiguration;
			buildSettings = {
				ALWAYS_SEARCH_USER_PATHS = NO;
				CLANG_ANALYZER_NONNULL = YES;
				CLANG_ANALYZER_NUMBER_OBJECT_CONVERSION = YES_AGGRESSIVE;
				CLANG_CXX_LANGUAGE_STANDARD = "gnu++20";
				CLANG_ENABLE_MODULES = YES;
				CLANG_ENABLE_OBJC_ARC = YES;
				CLANG_ENABLE_OBJC_WEAK = YES;
				CLANG_WARN_BLOCK_CAPTURE_AUTORELEASING = YES;
				CLANG_WARN_BOOL_CONVERSION = YES;
				CLANG_WARN_COMMA = YES;
				CLANG_WARN_CONSTANT_CONVERSION = YES;
				CLANG_WARN_DEPRECATED_OBJC_IMPLEMENTATIONS = YES;
				CLANG_WARN_DIRECT_OBJC_ISA_USAGE = YES_ERROR;
				CLANG_WARN_DOCUMENTATION_COMMENTS = YES;
				CLANG_WARN_EMPTY_BODY = YES;
				CLANG_WARN_ENUM_CONVERSION = YES;
				CLANG_WARN_INFINITE_RECURSION = YES;
				CLANG_WARN_INT_CONVERSION = YES;
				CLANG_WARN_NON_LITERAL_NULL_CONVERSION = YES;
				CLANG_WARN_OBJC_IMPLICIT_RETAIN_SELF = YES;
				CLANG_WARN_OBJC_LITERAL_CONVERSION = YES;
				CLANG_WARN_OBJC_ROOT_CLASS = YES_ERROR;
				CLANG_WARN_QUOTED_INCLUDE_IN_FRAMEWORK_HEADER = YES;
				CLANG_WARN_RANGE_LOOP_ANALYSIS = YES;
				CLANG_WARN_STRICT_PROTOTYPES = YES;
				CLANG_WARN_SUSPICIOUS_MOVE = YES;
				CLANG_WARN_UNGUARDED_AVAILABILITY = YES_AGGRESSIVE;
				CLANG_WARN_UNREACHABLE_CODE = YES;
				CLANG_WARN__DUPLICATE_METHOD_MATCH = YES;
				COPY_PHASE_STRIP = NO;
				DEBUG_INFORMATION_FORMAT = dwarf;
				ENABLE_STRICT_OBJC_MSGSEND = YES;
				ENABLE_TESTABILITY = YES;
				GCC_C_LANGUAGE_STANDARD = gnu11;
				GCC_DYNAMIC_NO_PIC = NO;
				GCC_NO_COMMON_BLOCKS = YES;
				GCC_OPTIMIZATION_LEVEL = 0;
				GCC_PREPROCESSOR_DEFINITIONS = (
					"DEBUG=1",
					"$(inherited)",
				);
				GCC_WARN_64_TO_32_BIT_CONVERSION = YES;
				GCC_WARN_ABOUT_RETURN_TYPE = YES_ERROR;
				GCC_WARN_UNDECLARED_SELECTOR = YES;
				GCC_WARN_UNINITIALIZED_AUTOS = YES_AGGRESSIVE;
				GCC_WARN_UNUSED_FUNCTION = YES;
				GCC_WARN_UNUSED_VARIABLE = YES;
				IPHONEOS_DEPLOYMENT_TARGET = 16.1;
				MTL_ENABLE_DEBUG_INFO = INCLUDE_SOURCE;
				MTL_FAST_MATH = YES;
				ONLY_ACTIVE_ARCH = YES;
				SDKROOT = iphoneos;
				SWIFT_ACTIVE_COMPILATION_CONDITIONS = DEBUG;
				SWIFT_OPTIMIZATION_LEVEL = "-Onone";
			};
			name = Debug;
		};
		51CC8DB92924C3E800718A19 /* Release */ = {
			isa = XCBuildConfiguration;
			buildSettings = {
				ALWAYS_SEARCH_USER_PATHS = NO;
				CLANG_ANALYZER_NONNULL = YES;
				CLANG_ANALYZER_NUMBER_OBJECT_CONVERSION = YES_AGGRESSIVE;
				CLANG_CXX_LANGUAGE_STANDARD = "gnu++20";
				CLANG_ENABLE_MODULES = YES;
				CLANG_ENABLE_OBJC_ARC = YES;
				CLANG_ENABLE_OBJC_WEAK = YES;
				CLANG_WARN_BLOCK_CAPTURE_AUTORELEASING = YES;
				CLANG_WARN_BOOL_CONVERSION = YES;
				CLANG_WARN_COMMA = YES;
				CLANG_WARN_CONSTANT_CONVERSION = YES;
				CLANG_WARN_DEPRECATED_OBJC_IMPLEMENTATIONS = YES;
				CLANG_WARN_DIRECT_OBJC_ISA_USAGE = YES_ERROR;
				CLANG_WARN_DOCUMENTATION_COMMENTS = YES;
				CLANG_WARN_EMPTY_BODY = YES;
				CLANG_WARN_ENUM_CONVERSION = YES;
				CLANG_WARN_INFINITE_RECURSION = YES;
				CLANG_WARN_INT_CONVERSION = YES;
				CLANG_WARN_NON_LITERAL_NULL_CONVERSION = YES;
				CLANG_WARN_OBJC_IMPLICIT_RETAIN_SELF = YES;
				CLANG_WARN_OBJC_LITERAL_CONVERSION = YES;
				CLANG_WARN_OBJC_ROOT_CLASS = YES_ERROR;
				CLANG_WARN_QUOTED_INCLUDE_IN_FRAMEWORK_HEADER = YES;
				CLANG_WARN_RANGE_LOOP_ANALYSIS = YES;
				CLANG_WARN_STRICT_PROTOTYPES = YES;
				CLANG_WARN_SUSPICIOUS_MOVE = YES;
				CLANG_WARN_UNGUARDED_AVAILABILITY = YES_AGGRESSIVE;
				CLANG_WARN_UNREACHABLE_CODE = YES;
				CLANG_WARN__DUPLICATE_METHOD_MATCH = YES;
				COPY_PHASE_STRIP = NO;
				DEBUG_INFORMATION_FORMAT = "dwarf-with-dsym";
				ENABLE_NS_ASSERTIONS = NO;
				ENABLE_STRICT_OBJC_MSGSEND = YES;
				GCC_C_LANGUAGE_STANDARD = gnu11;
				GCC_NO_COMMON_BLOCKS = YES;
				GCC_WARN_64_TO_32_BIT_CONVERSION = YES;
				GCC_WARN_ABOUT_RETURN_TYPE = YES_ERROR;
				GCC_WARN_UNDECLARED_SELECTOR = YES;
				GCC_WARN_UNINITIALIZED_AUTOS = YES_AGGRESSIVE;
				GCC_WARN_UNUSED_FUNCTION = YES;
				GCC_WARN_UNUSED_VARIABLE = YES;
				IPHONEOS_DEPLOYMENT_TARGET = 16.1;
				MTL_ENABLE_DEBUG_INFO = NO;
				MTL_FAST_MATH = YES;
				SDKROOT = iphoneos;
				SWIFT_COMPILATION_MODE = wholemodule;
				SWIFT_OPTIMIZATION_LEVEL = "-O";
				VALIDATE_PRODUCT = YES;
			};
			name = Release;
		};
		51CC8DBB2924C3E800718A19 /* Debug */ = {
			isa = XCBuildConfiguration;
			buildSettings = {
				ASSETCATALOG_COMPILER_APPICON_NAME = AppIcon;
				ASSETCATALOG_COMPILER_GLOBAL_ACCENT_COLOR_NAME = AccentColor;
				CODE_SIGN_STYLE = Automatic;
				CURRENT_PROJECT_VERSION = 1;
				DEVELOPMENT_ASSET_PATHS = "\"MyBakering/Preview Content\"";
				DEVELOPMENT_TEAM = 99KH3TLG9V;
				ENABLE_PREVIEWS = YES;
				GENERATE_INFOPLIST_FILE = YES;
				INFOPLIST_KEY_UIApplicationSceneManifest_Generation = YES;
				INFOPLIST_KEY_UIApplicationSupportsIndirectInputEvents = YES;
				INFOPLIST_KEY_UILaunchScreen_Generation = YES;
				INFOPLIST_KEY_UISupportedInterfaceOrientations_iPad = "UIInterfaceOrientationPortrait UIInterfaceOrientationPortraitUpsideDown UIInterfaceOrientationLandscapeLeft UIInterfaceOrientationLandscapeRight";
				INFOPLIST_KEY_UISupportedInterfaceOrientations_iPhone = "UIInterfaceOrientationPortrait UIInterfaceOrientationLandscapeLeft UIInterfaceOrientationLandscapeRight";
				IPHONEOS_DEPLOYMENT_TARGET = 16.0;
				LD_RUNPATH_SEARCH_PATHS = (
					"$(inherited)",
					"@executable_path/Frameworks",
				);
				MARKETING_VERSION = 1.0;
				PRODUCT_BUNDLE_IDENTIFIER = com.Lee.MyBakering;
				PRODUCT_NAME = "$(TARGET_NAME)";
				SWIFT_EMIT_LOC_STRINGS = YES;
				SWIFT_VERSION = 5.0;
				TARGETED_DEVICE_FAMILY = "1,2";
			};
			name = Debug;
		};
		51CC8DBC2924C3E800718A19 /* Release */ = {
			isa = XCBuildConfiguration;
			buildSettings = {
				ASSETCATALOG_COMPILER_APPICON_NAME = AppIcon;
				ASSETCATALOG_COMPILER_GLOBAL_ACCENT_COLOR_NAME = AccentColor;
				CODE_SIGN_STYLE = Automatic;
				CURRENT_PROJECT_VERSION = 1;
				DEVELOPMENT_ASSET_PATHS = "\"MyBakering/Preview Content\"";
				DEVELOPMENT_TEAM = 99KH3TLG9V;
				ENABLE_PREVIEWS = YES;
				GENERATE_INFOPLIST_FILE = YES;
				INFOPLIST_KEY_UIApplicationSceneManifest_Generation = YES;
				INFOPLIST_KEY_UIApplicationSupportsIndirectInputEvents = YES;
				INFOPLIST_KEY_UILaunchScreen_Generation = YES;
				INFOPLIST_KEY_UISupportedInterfaceOrientations_iPad = "UIInterfaceOrientationPortrait UIInterfaceOrientationPortraitUpsideDown UIInterfaceOrientationLandscapeLeft UIInterfaceOrientationLandscapeRight";
				INFOPLIST_KEY_UISupportedInterfaceOrientations_iPhone = "UIInterfaceOrientationPortrait UIInterfaceOrientationLandscapeLeft UIInterfaceOrientationLandscapeRight";
				IPHONEOS_DEPLOYMENT_TARGET = 16.0;
				LD_RUNPATH_SEARCH_PATHS = (
					"$(inherited)",
					"@executable_path/Frameworks",
				);
				MARKETING_VERSION = 1.0;
				PRODUCT_BUNDLE_IDENTIFIER = com.Lee.MyBakering;
				PRODUCT_NAME = "$(TARGET_NAME)";
				SWIFT_EMIT_LOC_STRINGS = YES;
				SWIFT_VERSION = 5.0;
				TARGETED_DEVICE_FAMILY = "1,2";
			};
			name = Release;
		};
/* End XCBuildConfiguration section */

/* Begin XCConfigurationList section */
		51CC8DA72924C3E800718A19 /* Build configuration list for PBXProject "MyBakering" */ = {
			isa = XCConfigurationList;
			buildConfigurations = (
				51CC8DB82924C3E800718A19 /* Debug */,
				51CC8DB92924C3E800718A19 /* Release */,
			);
			defaultConfigurationIsVisible = 0;
			defaultConfigurationName = Release;
		};
		51CC8DBA2924C3E800718A19 /* Build configuration list for PBXNativeTarget "MyBakering" */ = {
			isa = XCConfigurationList;
			buildConfigurations = (
				51CC8DBB2924C3E800718A19 /* Debug */,
				51CC8DBC2924C3E800718A19 /* Release */,
			);
			defaultConfigurationIsVisible = 0;
			defaultConfigurationName = Release;
		};
/* End XCConfigurationList section */

/* Begin XCRemoteSwiftPackageReference section */
		51AD2E7E2926548800460937 /* XCRemoteSwiftPackageReference "firebase-ios-sdk" */ = {
			isa = XCRemoteSwiftPackageReference;
			repositoryURL = "https://github.com/firebase/firebase-ios-sdk";
			requirement = {
				branch = master;
				kind = branch;
			};
		};
/* End XCRemoteSwiftPackageReference section */

/* Begin XCSwiftPackageProductDependency section */
		51AD2E7F2926548800460937 /* FirebaseAuth */ = {
			isa = XCSwiftPackageProductDependency;
			package = 51AD2E7E2926548800460937 /* XCRemoteSwiftPackageReference "firebase-ios-sdk" */;
			productName = FirebaseAuth;
		};
		51AD2E812926548800460937 /* FirebaseFirestore */ = {
			isa = XCSwiftPackageProductDependency;
			package = 51AD2E7E2926548800460937 /* XCRemoteSwiftPackageReference "firebase-ios-sdk" */;
			productName = FirebaseFirestore;
		};
		51AD2E832926548800460937 /* FirebaseFirestoreSwift */ = {
			isa = XCSwiftPackageProductDependency;
			package = 51AD2E7E2926548800460937 /* XCRemoteSwiftPackageReference "firebase-ios-sdk" */;
			productName = FirebaseFirestoreSwift;
		};
		51AD2E852926548800460937 /* FirebaseStorage */ = {
			isa = XCSwiftPackageProductDependency;
			package = 51AD2E7E2926548800460937 /* XCRemoteSwiftPackageReference "firebase-ios-sdk" */;
			productName = FirebaseStorage;
		};
/* End XCSwiftPackageProductDependency section */
	};
	rootObject = 51CC8DA42924C3E800718A19 /* Project object */;
}
